
Microsoft Visual Studio Solution File, Format Version 12.00
# Visual Studio Version 17
VisualStudioVersion = 17.8.34330.188
MinimumVisualStudioVersion = 10.0.40219.1
Project("{FAE04EC0-301F-11D3-BF4B-00C04F79EFBC}") = "ShamrockCore", "ShamrockCore\ShamrockCore.csproj", "{2F79952C-0919-46AD-A648-C32F3A524649}"
EndProject
Project("{FAE04EC0-301F-11D3-BF4B-00C04F79EFBC}") = "ShamrockCore.Test", "ShamrockCore.Test\ShamrockCore.Test.csproj", "{07796205-F0ED-467E-AC12-91D80FE18143}"
EndProject
Global
	GlobalSection(SolutionConfigurationPlatforms) = preSolution
		Debug|Any CPU = Debug|Any CPU
		Release|Any CPU = Release|Any CPU
	EndGlobalSection
	GlobalSection(ProjectConfigurationPlatforms) = postSolution
		{2F79952C-0919-46AD-A648-C32F3A524649}.Debug|Any CPU.ActiveCfg = Debug|Any CPU
		{2F79952C-0919-46AD-A648-C32F3A524649}.Debug|Any CPU.Build.0 = Debug|Any CPU
		{2F79952C-0919-46AD-A648-C32F3A524649}.Release|Any CPU.ActiveCfg = Release|Any CPU
		{2F79952C-0919-46AD-A648-C32F3A524649}.Release|Any CPU.Build.0 = Release|Any CPU
		{07796205-F0ED-467E-AC12-91D80FE18143}.Debug|Any CPU.ActiveCfg = Debug|Any CPU
		{07796205-F0ED-467E-AC12-91D80FE18143}.Debug|Any CPU.Build.0 = Debug|Any CPU
		{07796205-F0ED-467E-AC12-91D80FE18143}.Release|Any CPU.ActiveCfg = Release|Any CPU
		{07796205-F0ED-467E-AC12-91D80FE18143}.Release|Any CPU.Build.0 = Release|Any CPU
	EndGlobalSection
	GlobalSection(SolutionProperties) = preSolution
		HideSolutionNode = FALSE
	EndGlobalSection
	GlobalSection(ExtensibilityGlobals) = postSolution
		SolutionGuid = {B30C4840-ADD5-4576-8D74-F503F2D3F7CA}
	EndGlobalSection
EndGlobal
